
Microsoft Visual Studio Solution File, Format Version 12.00
# Visual Studio Version 17
VisualStudioVersion = 17.3.32929.385
MinimumVisualStudioVersion = 10.0.40219.1
Project("{FAE04EC0-301F-11D3-BF4B-00C04F79EFBC}") = "BirthdayTekken", "BirthdayTekken.csproj", "{1B2604BA-6322-42E9-8A63-C3E4B8417644}"
EndProject
Global
	GlobalSection(SolutionConfigurationPlatforms) = preSolution
		Debug|Any CPU = Debug|Any CPU
		Release|Any CPU = Release|Any CPU
	EndGlobalSection
	GlobalSection(ProjectConfigurationPlatforms) = postSolution
		{1B2604BA-6322-42E9-8A63-C3E4B8417644}.Debug|Any CPU.ActiveCfg = Debug|Any CPU
		{1B2604BA-6322-42E9-8A63-C3E4B8417644}.Debug|Any CPU.Build.0 = Debug|Any CPU
		{1B2604BA-6322-42E9-8A63-C3E4B8417644}.Release|Any CPU.ActiveCfg = Release|Any CPU
		{1B2604BA-6322-42E9-8A63-C3E4B8417644}.Release|Any CPU.Build.0 = Release|Any CPU
	EndGlobalSection
	GlobalSection(SolutionProperties) = preSolution
		HideSolutionNode = FALSE
	EndGlobalSection
	GlobalSection(ExtensibilityGlobals) = postSolution
		SolutionGuid = {851F331B-CCBD-441E-A90F-F0DE4D6FF79C}
	EndGlobalSection
EndGlobal
